// !$*UTF8*$!
{
	archiveVersion = 1;
	classes = {
	};
	objectVersion = 77;
	objects = {

/* Begin PBXBuildFile section */
		86F680052CC435B200E679D4 /* FirebaseAuth in Frameworks */ = {isa = PBXBuildFile; productRef = 86F680042CC435B200E679D4 /* FirebaseAuth */; };
		86F680072CC435B200E679D4 /* FirebaseFirestore in Frameworks */ = {isa = PBXBuildFile; productRef = 86F680062CC435B200E679D4 /* FirebaseFirestore */; };
		86F680092CC435B200E679D4 /* FirebaseStorage in Frameworks */ = {isa = PBXBuildFile; productRef = 86F680082CC435B200E679D4 /* FirebaseStorage */; };
/* End PBXBuildFile section */

/* Begin PBXContainerItemProxy section */
		86D0031F2CC522690050D20A /* PBXContainerItemProxy */ = {
			isa = PBXContainerItemProxy;
			containerPortal = 86ADAFD72CC4032100FA743E /* Project object */;
			proxyType = 1;
			remoteGlobalIDString = 86ADAFDE2CC4032100FA743E;
			remoteInfo = OnboardingFirebase;
		};
/* End PBXContainerItemProxy section */

/* Begin PBXFileReference section */
		86ADAFDF2CC4032100FA743E /* OnboardingFirebase.app */ = {isa = PBXFileReference; explicitFileType = wrapper.application; includeInIndex = 0; path = OnboardingFirebase.app; sourceTree = BUILT_PRODUCTS_DIR; };
		86D0031B2CC522690050D20A /* OnboardingFirebaseTests.xctest */ = {isa = PBXFileReference; explicitFileType = wrapper.cfbundle; includeInIndex = 0; path = OnboardingFirebaseTests.xctest; sourceTree = BUILT_PRODUCTS_DIR; };
/* End PBXFileReference section */

/* Begin PBXFileSystemSynchronizedRootGroup section */
		86ADAFE12CC4032100FA743E /* OnboardingFirebase */ = {
			isa = PBXFileSystemSynchronizedRootGroup;
			path = OnboardingFirebase;
			sourceTree = "<group>";
		};
		86D0031C2CC522690050D20A /* OnboardingFirebaseTests */ = {
			isa = PBXFileSystemSynchronizedRootGroup;
			path = OnboardingFirebaseTests;
			sourceTree = "<group>";
		};
		86D003292CC525710050D20A /* Stubs */ = {
			isa = PBXFileSystemSynchronizedRootGroup;
			path = Stubs;
			sourceTree = "<group>";
		};
/* End PBXFileSystemSynchronizedRootGroup section */

/* Begin PBXFrameworksBuildPhase section */
		86ADAFDC2CC4032100FA743E /* Frameworks */ = {
			isa = PBXFrameworksBuildPhase;
			buildActionMask = 2147483647;
			files = (
				86F680052CC435B200E679D4 /* FirebaseAuth in Frameworks */,
				86F680072CC435B200E679D4 /* FirebaseFirestore in Frameworks */,
				86F680092CC435B200E679D4 /* FirebaseStorage in Frameworks */,
			);
			runOnlyForDeploymentPostprocessing = 0;
		};
		86D003182CC522690050D20A /* Frameworks */ = {
			isa = PBXFrameworksBuildPhase;
			buildActionMask = 2147483647;
			files = (
			);
			runOnlyForDeploymentPostprocessing = 0;
		};
/* End PBXFrameworksBuildPhase section */

/* Begin PBXGroup section */
		86ADAFD62CC4032100FA743E = {
			isa = PBXGroup;
			children = (
				86D003272CC525690050D20A /* Shared */,
				86ADAFE12CC4032100FA743E /* OnboardingFirebase */,
				86D0031C2CC522690050D20A /* OnboardingFirebaseTests */,
				86ADAFE02CC4032100FA743E /* Products */,
			);
			sourceTree = "<group>";
		};
		86ADAFE02CC4032100FA743E /* Products */ = {
			isa = PBXGroup;
			children = (
				86ADAFDF2CC4032100FA743E /* OnboardingFirebase.app */,
				86D0031B2CC522690050D20A /* OnboardingFirebaseTests.xctest */,
			);
			name = Products;
			sourceTree = "<group>";
		};
		86D003272CC525690050D20A /* Shared */ = {
			isa = PBXGroup;
			children = (
				86D003292CC525710050D20A /* Stubs */,
			);
			path = Shared;
			sourceTree = "<group>";
			usesTabs = 0;
		};
/* End PBXGroup section */

/* Begin PBXNativeTarget section */
		86ADAFDE2CC4032100FA743E /* OnboardingFirebase */ = {
			isa = PBXNativeTarget;
			buildConfigurationList = 86ADAFED2CC4032200FA743E /* Build configuration list for PBXNativeTarget "OnboardingFirebase" */;
			buildPhases = (
				86ADAFDB2CC4032100FA743E /* Sources */,
				86ADAFDC2CC4032100FA743E /* Frameworks */,
				86ADAFDD2CC4032100FA743E /* Resources */,
			);
			buildRules = (
			);
			dependencies = (
			);
			fileSystemSynchronizedGroups = (
				86ADAFE12CC4032100FA743E /* OnboardingFirebase */,
				86D003292CC525710050D20A /* Stubs */,
			);
			name = OnboardingFirebase;
			packageProductDependencies = (
				86F680042CC435B200E679D4 /* FirebaseAuth */,
				86F680062CC435B200E679D4 /* FirebaseFirestore */,
				86F680082CC435B200E679D4 /* FirebaseStorage */,
			);
			productName = OnboardingFirebase;
			productReference = 86ADAFDF2CC4032100FA743E /* OnboardingFirebase.app */;
			productType = "com.apple.product-type.application";
		};
		86D0031A2CC522690050D20A /* OnboardingFirebaseTests */ = {
			isa = PBXNativeTarget;
			buildConfigurationList = 86D003212CC522690050D20A /* Build configuration list for PBXNativeTarget "OnboardingFirebaseTests" */;
			buildPhases = (
				86D003172CC522690050D20A /* Sources */,
				86D003182CC522690050D20A /* Frameworks */,
				86D003192CC522690050D20A /* Resources */,
			);
			buildRules = (
			);
			dependencies = (
				86D003202CC522690050D20A /* PBXTargetDependency */,
			);
			fileSystemSynchronizedGroups = (
				86D0031C2CC522690050D20A /* OnboardingFirebaseTests */,
				86D003292CC525710050D20A /* Stubs */,
			);
			name = OnboardingFirebaseTests;
			packageProductDependencies = (
			);
			productName = OnboardingFirebaseTests;
			productReference = 86D0031B2CC522690050D20A /* OnboardingFirebaseTests.xctest */;
			productType = "com.apple.product-type.bundle.unit-test";
		};
/* End PBXNativeTarget section */

/* Begin PBXProject section */
		86ADAFD72CC4032100FA743E /* Project object */ = {
			isa = PBXProject;
			attributes = {
				BuildIndependentTargetsInParallel = 1;
				LastSwiftUpdateCheck = 1600;
				LastUpgradeCheck = 1600;
				TargetAttributes = {
					86ADAFDE2CC4032100FA743E = {
						CreatedOnToolsVersion = 16.0;
					};
					86D0031A2CC522690050D20A = {
						CreatedOnToolsVersion = 16.0;
						TestTargetID = 86ADAFDE2CC4032100FA743E;
					};
				};
			};
			buildConfigurationList = 86ADAFDA2CC4032100FA743E /* Build configuration list for PBXProject "OnboardingFirebase" */;
			developmentRegion = en;
			hasScannedForEncodings = 0;
			knownRegions = (
				en,
				Base,
			);
			mainGroup = 86ADAFD62CC4032100FA743E;
			minimizedProjectReferenceProxies = 1;
			packageReferences = (
				86F680032CC435B200E679D4 /* XCRemoteSwiftPackageReference "firebase-ios-sdk" */,
			);
			preferredProjectObjectVersion = 77;
			productRefGroup = 86ADAFE02CC4032100FA743E /* Products */;
			projectDirPath = "";
			projectRoot = "";
			targets = (
				86ADAFDE2CC4032100FA743E /* OnboardingFirebase */,
				86D0031A2CC522690050D20A /* OnboardingFirebaseTests */,
			);
		};
/* End PBXProject section */

/* Begin PBXResourcesBuildPhase section */
		86ADAFDD2CC4032100FA743E /* Resources */ = {
			isa = PBXResourcesBuildPhase;
			buildActionMask = 2147483647;
			files = (
			);
			runOnlyForDeploymentPostprocessing = 0;
		};
		86D003192CC522690050D20A /* Resources */ = {
			isa = PBXResourcesBuildPhase;
			buildActionMask = 2147483647;
			files = (
			);
			runOnlyForDeploymentPostprocessing = 0;
		};
/* End PBXResourcesBuildPhase section */

/* Begin PBXSourcesBuildPhase section */
		86ADAFDB2CC4032100FA743E /* Sources */ = {
			isa = PBXSourcesBuildPhase;
			buildActionMask = 2147483647;
			files = (
			);
			runOnlyForDeploymentPostprocessing = 0;
		};
		86D003172CC522690050D20A /* Sources */ = {
			isa = PBXSourcesBuildPhase;
			buildActionMask = 2147483647;
			files = (
			);
			runOnlyForDeploymentPostprocessing = 0;
		};
/* End PBXSourcesBuildPhase section */

/* Begin PBXTargetDependency section */
		86D003202CC522690050D20A /* PBXTargetDependency */ = {
			isa = PBXTargetDependency;
			target = 86ADAFDE2CC4032100FA743E /* OnboardingFirebase */;
			targetProxy = 86D0031F2CC522690050D20A /* PBXContainerItemProxy */;
		};
/* End PBXTargetDependency section */

/* Begin XCBuildConfiguration section */
		86ADAFEB2CC4032200FA743E /* Debug */ = {
			isa = XCBuildConfiguration;
			buildSettings = {
				ALWAYS_SEARCH_USER_PATHS = NO;
				ASSETCATALOG_COMPILER_GENERATE_SWIFT_ASSET_SYMBOL_EXTENSIONS = YES;
				CLANG_ANALYZER_NONNULL = YES;
				CLANG_ANALYZER_NUMBER_OBJECT_CONVERSION = YES_AGGRESSIVE;
				CLANG_CXX_LANGUAGE_STANDARD = "gnu++20";
				CLANG_ENABLE_MODULES = YES;
				CLANG_ENABLE_OBJC_ARC = YES;
				CLANG_ENABLE_OBJC_WEAK = YES;
				CLANG_WARN_BLOCK_CAPTURE_AUTORELEASING = YES;
				CLANG_WARN_BOOL_CONVERSION = YES;
				CLANG_WARN_COMMA = YES;
				CLANG_WARN_CONSTANT_CONVERSION = YES;
				CLANG_WARN_DEPRECATED_OBJC_IMPLEMENTATIONS = YES;
				CLANG_WARN_DIRECT_OBJC_ISA_USAGE = YES_ERROR;
				CLANG_WARN_DOCUMENTATION_COMMENTS = YES;
				CLANG_WARN_EMPTY_BODY = YES;
				CLANG_WARN_ENUM_CONVERSION = YES;
				CLANG_WARN_INFINITE_RECURSION = YES;
				CLANG_WARN_INT_CONVERSION = YES;
				CLANG_WARN_NON_LITERAL_NULL_CONVERSION = YES;
				CLANG_WARN_OBJC_IMPLICIT_RETAIN_SELF = YES;
				CLANG_WARN_OBJC_LITERAL_CONVERSION = YES;
				CLANG_WARN_OBJC_ROOT_CLASS = YES_ERROR;
				CLANG_WARN_QUOTED_INCLUDE_IN_FRAMEWORK_HEADER = YES;
				CLANG_WARN_RANGE_LOOP_ANALYSIS = YES;
				CLANG_WARN_STRICT_PROTOTYPES = YES;
				CLANG_WARN_SUSPICIOUS_MOVE = YES;
				CLANG_WARN_UNGUARDED_AVAILABILITY = YES_AGGRESSIVE;
				CLANG_WARN_UNREACHABLE_CODE = YES;
				CLANG_WARN__DUPLICATE_METHOD_MATCH = YES;
				COPY_PHASE_STRIP = NO;
				DEBUG_INFORMATION_FORMAT = dwarf;
				ENABLE_STRICT_OBJC_MSGSEND = YES;
				ENABLE_TESTABILITY = YES;
				ENABLE_USER_SCRIPT_SANDBOXING = YES;
				GCC_C_LANGUAGE_STANDARD = gnu17;
				GCC_DYNAMIC_NO_PIC = NO;
				GCC_NO_COMMON_BLOCKS = YES;
				GCC_OPTIMIZATION_LEVEL = 0;
				GCC_PREPROCESSOR_DEFINITIONS = (
					"DEBUG=1",
					"$(inherited)",
				);
				GCC_WARN_64_TO_32_BIT_CONVERSION = YES;
				GCC_WARN_ABOUT_RETURN_TYPE = YES_ERROR;
				GCC_WARN_UNDECLARED_SELECTOR = YES;
				GCC_WARN_UNINITIALIZED_AUTOS = YES_AGGRESSIVE;
				GCC_WARN_UNUSED_FUNCTION = YES;
				GCC_WARN_UNUSED_VARIABLE = YES;
				IPHONEOS_DEPLOYMENT_TARGET = 18.0;
				LOCALIZATION_PREFERS_STRING_CATALOGS = YES;
				MTL_ENABLE_DEBUG_INFO = INCLUDE_SOURCE;
				MTL_FAST_MATH = YES;
				ONLY_ACTIVE_ARCH = YES;
				SDKROOT = iphoneos;
				SWIFT_ACTIVE_COMPILATION_CONDITIONS = "DEBUG $(inherited)";
				SWIFT_OPTIMIZATION_LEVEL = "-Onone";
			};
			name = Debug;
		};
		86ADAFEC2CC4032200FA743E /* Release */ = {
			isa = XCBuildConfiguration;
			buildSettings = {
				ALWAYS_SEARCH_USER_PATHS = NO;
				ASSETCATALOG_COMPILER_GENERATE_SWIFT_ASSET_SYMBOL_EXTENSIONS = YES;
				CLANG_ANALYZER_NONNULL = YES;
				CLANG_ANALYZER_NUMBER_OBJECT_CONVERSION = YES_AGGRESSIVE;
				CLANG_CXX_LANGUAGE_STANDARD = "gnu++20";
				CLANG_ENABLE_MODULES = YES;
				CLANG_ENABLE_OBJC_ARC = YES;
				CLANG_ENABLE_OBJC_WEAK = YES;
				CLANG_WARN_BLOCK_CAPTURE_AUTORELEASING = YES;
				CLANG_WARN_BOOL_CONVERSION = YES;
				CLANG_WARN_COMMA = YES;
				CLANG_WARN_CONSTANT_CONVERSION = YES;
				CLANG_WARN_DEPRECATED_OBJC_IMPLEMENTATIONS = YES;
				CLANG_WARN_DIRECT_OBJC_ISA_USAGE = YES_ERROR;
				CLANG_WARN_DOCUMENTATION_COMMENTS = YES;
				CLANG_WARN_EMPTY_BODY = YES;
				CLANG_WARN_ENUM_CONVERSION = YES;
				CLANG_WARN_INFINITE_RECURSION = YES;
				CLANG_WARN_INT_CONVERSION = YES;
				CLANG_WARN_NON_LITERAL_NULL_CONVERSION = YES;
				CLANG_WARN_OBJC_IMPLICIT_RETAIN_SELF = YES;
				CLANG_WARN_OBJC_LITERAL_CONVERSION = YES;
				CLANG_WARN_OBJC_ROOT_CLASS = YES_ERROR;
				CLANG_WARN_QUOTED_INCLUDE_IN_FRAMEWORK_HEADER = YES;
				CLANG_WARN_RANGE_LOOP_ANALYSIS = YES;
				CLANG_WARN_STRICT_PROTOTYPES = YES;
				CLANG_WARN_SUSPICIOUS_MOVE = YES;
				CLANG_WARN_UNGUARDED_AVAILABILITY = YES_AGGRESSIVE;
				CLANG_WARN_UNREACHABLE_CODE = YES;
				CLANG_WARN__DUPLICATE_METHOD_MATCH = YES;
				COPY_PHASE_STRIP = NO;
				DEBUG_INFORMATION_FORMAT = "dwarf-with-dsym";
				ENABLE_NS_ASSERTIONS = NO;
				ENABLE_STRICT_OBJC_MSGSEND = YES;
				ENABLE_USER_SCRIPT_SANDBOXING = YES;
				GCC_C_LANGUAGE_STANDARD = gnu17;
				GCC_NO_COMMON_BLOCKS = YES;
				GCC_WARN_64_TO_32_BIT_CONVERSION = YES;
				GCC_WARN_ABOUT_RETURN_TYPE = YES_ERROR;
				GCC_WARN_UNDECLARED_SELECTOR = YES;
				GCC_WARN_UNINITIALIZED_AUTOS = YES_AGGRESSIVE;
				GCC_WARN_UNUSED_FUNCTION = YES;
				GCC_WARN_UNUSED_VARIABLE = YES;
				IPHONEOS_DEPLOYMENT_TARGET = 18.0;
				LOCALIZATION_PREFERS_STRING_CATALOGS = YES;
				MTL_ENABLE_DEBUG_INFO = NO;
				MTL_FAST_MATH = YES;
				SDKROOT = iphoneos;
				SWIFT_COMPILATION_MODE = wholemodule;
				VALIDATE_PRODUCT = YES;
			};
			name = Release;
		};
		86ADAFEE2CC4032200FA743E /* Debug */ = {
			isa = XCBuildConfiguration;
			buildSettings = {
				ASSETCATALOG_COMPILER_APPICON_NAME = AppIcon;
				ASSETCATALOG_COMPILER_GLOBAL_ACCENT_COLOR_NAME = AccentColor;
				CODE_SIGN_STYLE = Automatic;
				CURRENT_PROJECT_VERSION = 1;
				DEVELOPMENT_ASSET_PATHS = "\"OnboardingFirebase/Preview Content\"";
				DEVELOPMENT_TEAM = 98GGD2LM74;
				ENABLE_PREVIEWS = YES;
				GENERATE_INFOPLIST_FILE = YES;
				INFOPLIST_KEY_UIApplicationSceneManifest_Generation = YES;
				INFOPLIST_KEY_UIApplicationSupportsIndirectInputEvents = YES;
				INFOPLIST_KEY_UILaunchScreen_Generation = YES;
				INFOPLIST_KEY_UISupportedInterfaceOrientations_iPad = "UIInterfaceOrientationPortrait UIInterfaceOrientationPortraitUpsideDown UIInterfaceOrientationLandscapeLeft UIInterfaceOrientationLandscapeRight";
				INFOPLIST_KEY_UISupportedInterfaceOrientations_iPhone = "UIInterfaceOrientationPortrait UIInterfaceOrientationLandscapeLeft UIInterfaceOrientationLandscapeRight";
				LD_RUNPATH_SEARCH_PATHS = (
					"$(inherited)",
					"@executable_path/Frameworks",
				);
				MARKETING_VERSION = 1.0;
				PRODUCT_BUNDLE_IDENTIFIER = com.avii.OnboardingFirebase;
				PRODUCT_NAME = "$(TARGET_NAME)";
				SUPPORTED_PLATFORMS = "iphoneos iphonesimulator";
				SUPPORTS_MACCATALYST = NO;
				SUPPORTS_XR_DESIGNED_FOR_IPHONE_IPAD = NO;
				SWIFT_EMIT_LOC_STRINGS = YES;
				SWIFT_VERSION = 5.0;
				TARGETED_DEVICE_FAMILY = "1,2";
			};
			name = Debug;
		};
		86ADAFEF2CC4032200FA743E /* Release */ = {
			isa = XCBuildConfiguration;
			buildSettings = {
				ASSETCATALOG_COMPILER_APPICON_NAME = AppIcon;
				ASSETCATALOG_COMPILER_GLOBAL_ACCENT_COLOR_NAME = AccentColor;
				CODE_SIGN_STYLE = Automatic;
				CURRENT_PROJECT_VERSION = 1;
				DEVELOPMENT_ASSET_PATHS = "\"OnboardingFirebase/Preview Content\"";
				DEVELOPMENT_TEAM = 98GGD2LM74;
				ENABLE_PREVIEWS = YES;
				GENERATE_INFOPLIST_FILE = YES;
				INFOPLIST_KEY_UIApplicationSceneManifest_Generation = YES;
				INFOPLIST_KEY_UIApplicationSupportsIndirectInputEvents = YES;
				INFOPLIST_KEY_UILaunchScreen_Generation = YES;
				INFOPLIST_KEY_UISupportedInterfaceOrientations_iPad = "UIInterfaceOrientationPortrait UIInterfaceOrientationPortraitUpsideDown UIInterfaceOrientationLandscapeLeft UIInterfaceOrientationLandscapeRight";
				INFOPLIST_KEY_UISupportedInterfaceOrientations_iPhone = "UIInterfaceOrientationPortrait UIInterfaceOrientationLandscapeLeft UIInterfaceOrientationLandscapeRight";
				LD_RUNPATH_SEARCH_PATHS = (
					"$(inherited)",
					"@executable_path/Frameworks",
				);
				MARKETING_VERSION = 1.0;
				PRODUCT_BUNDLE_IDENTIFIER = com.avii.OnboardingFirebase;
				PRODUCT_NAME = "$(TARGET_NAME)";
				SUPPORTED_PLATFORMS = "iphoneos iphonesimulator";
				SUPPORTS_MACCATALYST = NO;
				SUPPORTS_XR_DESIGNED_FOR_IPHONE_IPAD = NO;
				SWIFT_EMIT_LOC_STRINGS = YES;
				SWIFT_VERSION = 5.0;
				TARGETED_DEVICE_FAMILY = "1,2";
			};
			name = Release;
		};
		86D003222CC522690050D20A /* Debug */ = {
			isa = XCBuildConfiguration;
			buildSettings = {
				BUNDLE_LOADER = "$(TEST_HOST)";
				CODE_SIGN_STYLE = Automatic;
				CURRENT_PROJECT_VERSION = 1;
				DEVELOPMENT_TEAM = 98GGD2LM74;
				GENERATE_INFOPLIST_FILE = YES;
				IPHONEOS_DEPLOYMENT_TARGET = 18.0;
				MACOSX_DEPLOYMENT_TARGET = 14.7;
				MARKETING_VERSION = 1.0;
				PRODUCT_BUNDLE_IDENTIFIER = com.avii.OnboardingFirebaseTests;
				PRODUCT_NAME = "$(TARGET_NAME)";
				SDKROOT = auto;
				SUPPORTED_PLATFORMS = "iphoneos iphonesimulator macosx xros xrsimulator";
				SWIFT_EMIT_LOC_STRINGS = NO;
				SWIFT_VERSION = 5.0;
				TARGETED_DEVICE_FAMILY = "1,2,7";
				TEST_HOST = "$(BUILT_PRODUCTS_DIR)/OnboardingFirebase.app/$(BUNDLE_EXECUTABLE_FOLDER_PATH)/OnboardingFirebase";
				XROS_DEPLOYMENT_TARGET = 2.0;
			};
			name = Debug;
		};
		86D003232CC522690050D20A /* Release */ = {
			isa = XCBuildConfiguration;
			buildSettings = {
				BUNDLE_LOADER = "$(TEST_HOST)";
				CODE_SIGN_STYLE = Automatic;
				CURRENT_PROJECT_VERSION = 1;
				DEVELOPMENT_TEAM = 98GGD2LM74;
				GENERATE_INFOPLIST_FILE = YES;
				IPHONEOS_DEPLOYMENT_TARGET = 18.0;
				MACOSX_DEPLOYMENT_TARGET = 14.7;
				MARKETING_VERSION = 1.0;
				PRODUCT_BUNDLE_IDENTIFIER = com.avii.OnboardingFirebaseTests;
				PRODUCT_NAME = "$(TARGET_NAME)";
				SDKROOT = auto;
				SUPPORTED_PLATFORMS = "iphoneos iphonesimulator macosx xros xrsimulator";
				SWIFT_EMIT_LOC_STRINGS = NO;
				SWIFT_VERSION = 5.0;
				TARGETED_DEVICE_FAMILY = "1,2,7";
				TEST_HOST = "$(BUILT_PRODUCTS_DIR)/OnboardingFirebase.app/$(BUNDLE_EXECUTABLE_FOLDER_PATH)/OnboardingFirebase";
				XROS_DEPLOYMENT_TARGET = 2.0;
			};
			name = Release;
		};
/* End XCBuildConfiguration section */

/* Begin XCConfigurationList section */
		86ADAFDA2CC4032100FA743E /* Build configuration list for PBXProject "OnboardingFirebase" */ = {
			isa = XCConfigurationList;
			buildConfigurations = (
				86ADAFEB2CC4032200FA743E /* Debug */,
				86ADAFEC2CC4032200FA743E /* Release */,
			);
			defaultConfigurationIsVisible = 0;
			defaultConfigurationName = Release;
		};
		86ADAFED2CC4032200FA743E /* Build configuration list for PBXNativeTarget "OnboardingFirebase" */ = {
			isa = XCConfigurationList;
			buildConfigurations = (
				86ADAFEE2CC4032200FA743E /* Debug */,
				86ADAFEF2CC4032200FA743E /* Release */,
			);
			defaultConfigurationIsVisible = 0;
			defaultConfigurationName = Release;
		};
		86D003212CC522690050D20A /* Build configuration list for PBXNativeTarget "OnboardingFirebaseTests" */ = {
			isa = XCConfigurationList;
			buildConfigurations = (
				86D003222CC522690050D20A /* Debug */,
				86D003232CC522690050D20A /* Release */,
			);
			defaultConfigurationIsVisible = 0;
			defaultConfigurationName = Release;
		};
/* End XCConfigurationList section */

/* Begin XCRemoteSwiftPackageReference section */
		86F680032CC435B200E679D4 /* XCRemoteSwiftPackageReference "firebase-ios-sdk" */ = {
			isa = XCRemoteSwiftPackageReference;
			repositoryURL = "https://github.com/firebase/firebase-ios-sdk";
			requirement = {
				kind = upToNextMajorVersion;
				minimumVersion = 11.3.0;
			};
		};
/* End XCRemoteSwiftPackageReference section */

/* Begin XCSwiftPackageProductDependency section */
		86F680042CC435B200E679D4 /* FirebaseAuth */ = {
			isa = XCSwiftPackageProductDependency;
			package = 86F680032CC435B200E679D4 /* XCRemoteSwiftPackageReference "firebase-ios-sdk" */;
			productName = FirebaseAuth;
		};
		86F680062CC435B200E679D4 /* FirebaseFirestore */ = {
			isa = XCSwiftPackageProductDependency;
			package = 86F680032CC435B200E679D4 /* XCRemoteSwiftPackageReference "firebase-ios-sdk" */;
			productName = FirebaseFirestore;
		};
		86F680082CC435B200E679D4 /* FirebaseStorage */ = {
			isa = XCSwiftPackageProductDependency;
			package = 86F680032CC435B200E679D4 /* XCRemoteSwiftPackageReference "firebase-ios-sdk" */;
			productName = FirebaseStorage;
		};
/* End XCSwiftPackageProductDependency section */
	};
	rootObject = 86ADAFD72CC4032100FA743E /* Project object */;
}
